
Microsoft Visual Studio Solution File, Format Version 12.00
# Visual Studio 15
VisualStudioVersion = 15.0.28307.421
MinimumVisualStudioVersion = 10.0.40219.1
Project("{FAE04EC0-301F-11D3-BF4B-00C04F79EFBC}") = "PlatformFarm.ShareWare.MiniDic", "MiniDic\PlatformFarm.ShareWare.MiniDic.csproj", "{688B60DF-6208-4EA4-A107-DAA6DA48BAB0}"
EndProject
Global
	GlobalSection(SolutionConfigurationPlatforms) = preSolution
		Debug|Any CPU = Debug|Any CPU
		Debug|x64 = Debug|x64
		Debug|x86 = Debug|x86
		Release|Any CPU = Release|Any CPU
		Release|x64 = Release|x64
		Release|x86 = Release|x86
	EndGlobalSection
	GlobalSection(ProjectConfigurationPlatforms) = postSolution
		{688B60DF-6208-4EA4-A107-DAA6DA48BAB0}.Debug|Any CPU.ActiveCfg = Debug|Any CPU
		{688B60DF-6208-4EA4-A107-DAA6DA48BAB0}.Debug|Any CPU.Build.0 = Debug|Any CPU
		{688B60DF-6208-4EA4-A107-DAA6DA48BAB0}.Debug|x64.ActiveCfg = Debug|x64
		{688B60DF-6208-4EA4-A107-DAA6DA48BAB0}.Debug|x64.Build.0 = Debug|x64
		{688B60DF-6208-4EA4-A107-DAA6DA48BAB0}.Debug|x86.ActiveCfg = Debug|x86
		{688B60DF-6208-4EA4-A107-DAA6DA48BAB0}.Debug|x86.Build.0 = Debug|x86
		{688B60DF-6208-4EA4-A107-DAA6DA48BAB0}.Release|Any CPU.ActiveCfg = Release|Any CPU
		{688B60DF-6208-4EA4-A107-DAA6DA48BAB0}.Release|Any CPU.Build.0 = Release|Any CPU
		{688B60DF-6208-4EA4-A107-DAA6DA48BAB0}.Release|x64.ActiveCfg = Release|x64
		{688B60DF-6208-4EA4-A107-DAA6DA48BAB0}.Release|x64.Build.0 = Release|x64
		{688B60DF-6208-4EA4-A107-DAA6DA48BAB0}.Release|x86.ActiveCfg = Release|x86
		{688B60DF-6208-4EA4-A107-DAA6DA48BAB0}.Release|x86.Build.0 = Release|x86
	EndGlobalSection
	GlobalSection(SolutionProperties) = preSolution
		HideSolutionNode = FALSE
	EndGlobalSection
	GlobalSection(ExtensibilityGlobals) = postSolution
		SolutionGuid = {68AAEB8F-1839-4E5D-9927-BE7823F93E1E}
	EndGlobalSection
EndGlobal
